
Microsoft Visual Studio Solution File, Format Version 12.00
# Visual Studio 15
VisualStudioVersion = 15.0.28307.421
MinimumVisualStudioVersion = 10.0.40219.1
Project("{F184B08F-C81C-45F6-A57F-5ABD9991F28F}") = "VBposition", "VBposition\VBposition.vbproj", "{7E7526DB-C789-48ED-AC1C-E4C3173F0600}"
EndProject
Global
	GlobalSection(SolutionConfigurationPlatforms) = preSolution
		Debug|Any CPU = Debug|Any CPU
		Release|Any CPU = Release|Any CPU
	EndGlobalSection
	GlobalSection(ProjectConfigurationPlatforms) = postSolution
		{7E7526DB-C789-48ED-AC1C-E4C3173F0600}.Debug|Any CPU.ActiveCfg = Debug|Any CPU
		{7E7526DB-C789-48ED-AC1C-E4C3173F0600}.Debug|Any CPU.Build.0 = Debug|Any CPU
		{7E7526DB-C789-48ED-AC1C-E4C3173F0600}.Release|Any CPU.ActiveCfg = Release|Any CPU
		{7E7526DB-C789-48ED-AC1C-E4C3173F0600}.Release|Any CPU.Build.0 = Release|Any CPU
	EndGlobalSection
	GlobalSection(SolutionProperties) = preSolution
		HideSolutionNode = FALSE
	EndGlobalSection
	GlobalSection(ExtensibilityGlobals) = postSolution
		SolutionGuid = {BC3771E4-0240-4A80-954B-6BBD8EC342D6}
	EndGlobalSection
EndGlobal
